// !$*UTF8*$!
{
	archiveVersion = 1;
	classes = {
	};
	objectVersion = 48;
	objects = {

/* Begin PBXBuildFile section */
		21355BD8D994061D3E797A80 /* Pods_CamStampTests.framework in Frameworks */ = {isa = PBXBuildFile; fileRef = 33F776E1E10E97E68AD5A29E /* Pods_CamStampTests.framework */; };
		381AC22B2038664900904CA6 /* AppDelegate.swift in Sources */ = {isa = PBXBuildFile; fileRef = 381AC22A2038664900904CA6 /* AppDelegate.swift */; };
		381AC22D2038664900904CA6 /* ViewController.swift in Sources */ = {isa = PBXBuildFile; fileRef = 381AC22C2038664900904CA6 /* ViewController.swift */; };
		381AC2302038664900904CA6 /* Main.storyboard in Resources */ = {isa = PBXBuildFile; fileRef = 381AC22E2038664900904CA6 /* Main.storyboard */; };
		381AC2322038664900904CA6 /* Assets.xcassets in Resources */ = {isa = PBXBuildFile; fileRef = 381AC2312038664900904CA6 /* Assets.xcassets */; };
		381AC2352038664900904CA6 /* LaunchScreen.storyboard in Resources */ = {isa = PBXBuildFile; fileRef = 381AC2332038664900904CA6 /* LaunchScreen.storyboard */; };
		381AC2402038664A00904CA6 /* CamStampTests.swift in Sources */ = {isa = PBXBuildFile; fileRef = 381AC23F2038664A00904CA6 /* CamStampTests.swift */; };
		384661D62038AD0B00FD0D8B /* ViewModel.swift in Sources */ = {isa = PBXBuildFile; fileRef = 384661D52038AD0B00FD0D8B /* ViewModel.swift */; };
		384661D82038B0F200FD0D8B /* FilterManager.swift in Sources */ = {isa = PBXBuildFile; fileRef = 384661D72038B0F200FD0D8B /* FilterManager.swift */; };
		6135B84ECCE4A70FE613938D /* Pods_CamStamp.framework in Frameworks */ = {isa = PBXBuildFile; fileRef = F63D25513E4786DAB450521D /* Pods_CamStamp.framework */; };
/* End PBXBuildFile section */

/* Begin PBXContainerItemProxy section */
		381AC23C2038664A00904CA6 /* PBXContainerItemProxy */ = {
			isa = PBXContainerItemProxy;
			containerPortal = 381AC21F2038664900904CA6 /* Project object */;
			proxyType = 1;
			remoteGlobalIDString = 381AC2262038664900904CA6;
			remoteInfo = CamStamp;
		};
/* End PBXContainerItemProxy section */

/* Begin PBXFileReference section */
		1B3B655BC874B72993726AF9 /* Pods-CamStampTests.debug.xcconfig */ = {isa = PBXFileReference; includeInIndex = 1; lastKnownFileType = text.xcconfig; name = "Pods-CamStampTests.debug.xcconfig"; path = "Pods/Target Support Files/Pods-CamStampTests/Pods-CamStampTests.debug.xcconfig"; sourceTree = "<group>"; };
		33F776E1E10E97E68AD5A29E /* Pods_CamStampTests.framework */ = {isa = PBXFileReference; explicitFileType = wrapper.framework; includeInIndex = 0; path = Pods_CamStampTests.framework; sourceTree = BUILT_PRODUCTS_DIR; };
		381AC2272038664900904CA6 /* CamStamp.app */ = {isa = PBXFileReference; explicitFileType = wrapper.application; includeInIndex = 0; path = CamStamp.app; sourceTree = BUILT_PRODUCTS_DIR; };
		381AC22A2038664900904CA6 /* AppDelegate.swift */ = {isa = PBXFileReference; lastKnownFileType = sourcecode.swift; path = AppDelegate.swift; sourceTree = "<group>"; };
		381AC22C2038664900904CA6 /* ViewController.swift */ = {isa = PBXFileReference; lastKnownFileType = sourcecode.swift; path = ViewController.swift; sourceTree = "<group>"; };
		381AC22F2038664900904CA6 /* Base */ = {isa = PBXFileReference; lastKnownFileType = file.storyboard; name = Base; path = Base.lproj/Main.storyboard; sourceTree = "<group>"; };
		381AC2312038664900904CA6 /* Assets.xcassets */ = {isa = PBXFileReference; lastKnownFileType = folder.assetcatalog; path = Assets.xcassets; sourceTree = "<group>"; };
		381AC2342038664900904CA6 /* Base */ = {isa = PBXFileReference; lastKnownFileType = file.storyboard; name = Base; path = Base.lproj/LaunchScreen.storyboard; sourceTree = "<group>"; };
		381AC2362038664900904CA6 /* Info.plist */ = {isa = PBXFileReference; lastKnownFileType = text.plist.xml; path = Info.plist; sourceTree = "<group>"; };
		381AC23B2038664A00904CA6 /* CamStampTests.xctest */ = {isa = PBXFileReference; explicitFileType = wrapper.cfbundle; includeInIndex = 0; path = CamStampTests.xctest; sourceTree = BUILT_PRODUCTS_DIR; };
		381AC23F2038664A00904CA6 /* CamStampTests.swift */ = {isa = PBXFileReference; lastKnownFileType = sourcecode.swift; path = CamStampTests.swift; sourceTree = "<group>"; };
		381AC2412038664A00904CA6 /* Info.plist */ = {isa = PBXFileReference; lastKnownFileType = text.plist.xml; path = Info.plist; sourceTree = "<group>"; };
		384661D52038AD0B00FD0D8B /* ViewModel.swift */ = {isa = PBXFileReference; lastKnownFileType = sourcecode.swift; path = ViewModel.swift; sourceTree = "<group>"; };
		384661D72038B0F200FD0D8B /* FilterManager.swift */ = {isa = PBXFileReference; lastKnownFileType = sourcecode.swift; path = FilterManager.swift; sourceTree = "<group>"; };
		9D2C099E64A3199B5120E76D /* Pods-CamStamp.release.xcconfig */ = {isa = PBXFileReference; includeInIndex = 1; lastKnownFileType = text.xcconfig; name = "Pods-CamStamp.release.xcconfig"; path = "Pods/Target Support Files/Pods-CamStamp/Pods-CamStamp.release.xcconfig"; sourceTree = "<group>"; };
		C454C4A8DB03AA38672510FC /* Pods-CamStampTests.release.xcconfig */ = {isa = PBXFileReference; includeInIndex = 1; lastKnownFileType = text.xcconfig; name = "Pods-CamStampTests.release.xcconfig"; path = "Pods/Target Support Files/Pods-CamStampTests/Pods-CamStampTests.release.xcconfig"; sourceTree = "<group>"; };
		C48C81E6BCD2B0BD8F60FB5A /* Pods-CamStamp.debug.xcconfig */ = {isa = PBXFileReference; includeInIndex = 1; lastKnownFileType = text.xcconfig; name = "Pods-CamStamp.debug.xcconfig"; path = "Pods/Target Support Files/Pods-CamStamp/Pods-CamStamp.debug.xcconfig"; sourceTree = "<group>"; };
		F63D25513E4786DAB450521D /* Pods_CamStamp.framework */ = {isa = PBXFileReference; explicitFileType = wrapper.framework; includeInIndex = 0; path = Pods_CamStamp.framework; sourceTree = BUILT_PRODUCTS_DIR; };
/* End PBXFileReference section */

/* Begin PBXFrameworksBuildPhase section */
		381AC2242038664900904CA6 /* Frameworks */ = {
			isa = PBXFrameworksBuildPhase;
			buildActionMask = 2147483647;
			files = (
				6135B84ECCE4A70FE613938D /* Pods_CamStamp.framework in Frameworks */,
			);
			runOnlyForDeploymentPostprocessing = 0;
		};
		381AC2382038664A00904CA6 /* Frameworks */ = {
			isa = PBXFrameworksBuildPhase;
			buildActionMask = 2147483647;
			files = (
				21355BD8D994061D3E797A80 /* Pods_CamStampTests.framework in Frameworks */,
			);
			runOnlyForDeploymentPostprocessing = 0;
		};
/* End PBXFrameworksBuildPhase section */

/* Begin PBXGroup section */
		381AC21E2038664900904CA6 = {
			isa = PBXGroup;
			children = (
				381AC2292038664900904CA6 /* CamStamp */,
				381AC23E2038664A00904CA6 /* CamStampTests */,
				381AC2282038664900904CA6 /* Products */,
				C46A935C7105DD3C38A68357 /* Pods */,
				A1B22CFDB861969CE306334A /* Frameworks */,
			);
			sourceTree = "<group>";
		};
		381AC2282038664900904CA6 /* Products */ = {
			isa = PBXGroup;
			children = (
				381AC2272038664900904CA6 /* CamStamp.app */,
				381AC23B2038664A00904CA6 /* CamStampTests.xctest */,
			);
			name = Products;
			sourceTree = "<group>";
		};
		381AC2292038664900904CA6 /* CamStamp */ = {
			isa = PBXGroup;
			children = (
				381AC22A2038664900904CA6 /* AppDelegate.swift */,
				381AC22C2038664900904CA6 /* ViewController.swift */,
				384661D52038AD0B00FD0D8B /* ViewModel.swift */,
				384661D72038B0F200FD0D8B /* FilterManager.swift */,
				381AC22E2038664900904CA6 /* Main.storyboard */,
				381AC2312038664900904CA6 /* Assets.xcassets */,
				381AC2332038664900904CA6 /* LaunchScreen.storyboard */,
				381AC2362038664900904CA6 /* Info.plist */,
			);
			path = CamStamp;
			sourceTree = "<group>";
		};
		381AC23E2038664A00904CA6 /* CamStampTests */ = {
			isa = PBXGroup;
			children = (
				381AC23F2038664A00904CA6 /* CamStampTests.swift */,
				381AC2412038664A00904CA6 /* Info.plist */,
			);
			path = CamStampTests;
			sourceTree = "<group>";
		};
		A1B22CFDB861969CE306334A /* Frameworks */ = {
			isa = PBXGroup;
			children = (
				F63D25513E4786DAB450521D /* Pods_CamStamp.framework */,
				33F776E1E10E97E68AD5A29E /* Pods_CamStampTests.framework */,
			);
			name = Frameworks;
			sourceTree = "<group>";
		};
		C46A935C7105DD3C38A68357 /* Pods */ = {
			isa = PBXGroup;
			children = (
				C48C81E6BCD2B0BD8F60FB5A /* Pods-CamStamp.debug.xcconfig */,
				9D2C099E64A3199B5120E76D /* Pods-CamStamp.release.xcconfig */,
				1B3B655BC874B72993726AF9 /* Pods-CamStampTests.debug.xcconfig */,
				C454C4A8DB03AA38672510FC /* Pods-CamStampTests.release.xcconfig */,
			);
			name = Pods;
			sourceTree = "<group>";
		};
/* End PBXGroup section */

/* Begin PBXNativeTarget section */
		381AC2262038664900904CA6 /* CamStamp */ = {
			isa = PBXNativeTarget;
			buildConfigurationList = 381AC2442038664A00904CA6 /* Build configuration list for PBXNativeTarget "CamStamp" */;
			buildPhases = (
				D415339A8FBC5488683AB4AC /* [CP] Check Pods Manifest.lock */,
				381AC2232038664900904CA6 /* Sources */,
				381AC2242038664900904CA6 /* Frameworks */,
				381AC2252038664900904CA6 /* Resources */,
				243FAA85A4A6AE3E468EB0D2 /* [CP] Embed Pods Frameworks */,
				FC61771FB674F33FCB24EDD4 /* [CP] Copy Pods Resources */,
			);
			buildRules = (
			);
			dependencies = (
			);
			name = CamStamp;
			productName = CamStamp;
			productReference = 381AC2272038664900904CA6 /* CamStamp.app */;
			productType = "com.apple.product-type.application";
		};
		381AC23A2038664A00904CA6 /* CamStampTests */ = {
			isa = PBXNativeTarget;
			buildConfigurationList = 381AC2472038664A00904CA6 /* Build configuration list for PBXNativeTarget "CamStampTests" */;
			buildPhases = (
				BE16203EA1BB0760347EE5C1 /* [CP] Check Pods Manifest.lock */,
				381AC2372038664A00904CA6 /* Sources */,
				381AC2382038664A00904CA6 /* Frameworks */,
				381AC2392038664A00904CA6 /* Resources */,
				E5924D5724284838CC128D31 /* [CP] Embed Pods Frameworks */,
				58D63DAF845164FB5AF02589 /* [CP] Copy Pods Resources */,
			);
			buildRules = (
			);
			dependencies = (
				381AC23D2038664A00904CA6 /* PBXTargetDependency */,
			);
			name = CamStampTests;
			productName = CamStampTests;
			productReference = 381AC23B2038664A00904CA6 /* CamStampTests.xctest */;
			productType = "com.apple.product-type.bundle.unit-test";
		};
/* End PBXNativeTarget section */

/* Begin PBXProject section */
		381AC21F2038664900904CA6 /* Project object */ = {
			isa = PBXProject;
			attributes = {
				LastSwiftUpdateCheck = 0900;
				LastUpgradeCheck = 0900;
				ORGANIZATIONNAME = Thorvaldur;
				TargetAttributes = {
					381AC2262038664900904CA6 = {
						CreatedOnToolsVersion = 9.0;
						ProvisioningStyle = Automatic;
					};
					381AC23A2038664A00904CA6 = {
						CreatedOnToolsVersion = 9.0;
						ProvisioningStyle = Automatic;
						TestTargetID = 381AC2262038664900904CA6;
					};
				};
			};
			buildConfigurationList = 381AC2222038664900904CA6 /* Build configuration list for PBXProject "CamStamp" */;
			compatibilityVersion = "Xcode 8.0";
			developmentRegion = en;
			hasScannedForEncodings = 0;
			knownRegions = (
				en,
				Base,
			);
			mainGroup = 381AC21E2038664900904CA6;
			productRefGroup = 381AC2282038664900904CA6 /* Products */;
			projectDirPath = "";
			projectRoot = "";
			targets = (
				381AC2262038664900904CA6 /* CamStamp */,
				381AC23A2038664A00904CA6 /* CamStampTests */,
			);
		};
/* End PBXProject section */

/* Begin PBXResourcesBuildPhase section */
		381AC2252038664900904CA6 /* Resources */ = {
			isa = PBXResourcesBuildPhase;
			buildActionMask = 2147483647;
			files = (
				381AC2352038664900904CA6 /* LaunchScreen.storyboard in Resources */,
				381AC2322038664900904CA6 /* Assets.xcassets in Resources */,
				381AC2302038664900904CA6 /* Main.storyboard in Resources */,
			);
			runOnlyForDeploymentPostprocessing = 0;
		};
		381AC2392038664A00904CA6 /* Resources */ = {
			isa = PBXResourcesBuildPhase;
			buildActionMask = 2147483647;
			files = (
			);
			runOnlyForDeploymentPostprocessing = 0;
		};
/* End PBXResourcesBuildPhase section */

/* Begin PBXShellScriptBuildPhase section */
		243FAA85A4A6AE3E468EB0D2 /* [CP] Embed Pods Frameworks */ = {
			isa = PBXShellScriptBuildPhase;
			buildActionMask = 2147483647;
			files = (
			);
			inputPaths = (
			);
			name = "[CP] Embed Pods Frameworks";
			outputPaths = (
			);
			runOnlyForDeploymentPostprocessing = 0;
			shellPath = /bin/sh;
			shellScript = "\"${SRCROOT}/Pods/Target Support Files/Pods-CamStamp/Pods-CamStamp-frameworks.sh\"\n";
			showEnvVarsInLog = 0;
		};
		58D63DAF845164FB5AF02589 /* [CP] Copy Pods Resources */ = {
			isa = PBXShellScriptBuildPhase;
			buildActionMask = 2147483647;
			files = (
			);
			inputPaths = (
			);
			name = "[CP] Copy Pods Resources";
			outputPaths = (
			);
			runOnlyForDeploymentPostprocessing = 0;
			shellPath = /bin/sh;
			shellScript = "\"${SRCROOT}/Pods/Target Support Files/Pods-CamStampTests/Pods-CamStampTests-resources.sh\"\n";
			showEnvVarsInLog = 0;
		};
		BE16203EA1BB0760347EE5C1 /* [CP] Check Pods Manifest.lock */ = {
			isa = PBXShellScriptBuildPhase;
			buildActionMask = 2147483647;
			files = (
			);
			inputPaths = (
			);
			name = "[CP] Check Pods Manifest.lock";
			outputPaths = (
			);
			runOnlyForDeploymentPostprocessing = 0;
			shellPath = /bin/sh;
			shellScript = "diff \"${PODS_ROOT}/../Podfile.lock\" \"${PODS_ROOT}/Manifest.lock\" > /dev/null\nif [ $? != 0 ] ; then\n    # print error to STDERR\n    echo \"error: The sandbox is not in sync with the Podfile.lock. Run 'pod install' or update your CocoaPods installation.\" >&2\n    exit 1\nfi\n";
			showEnvVarsInLog = 0;
		};
		D415339A8FBC5488683AB4AC /* [CP] Check Pods Manifest.lock */ = {
			isa = PBXShellScriptBuildPhase;
			buildActionMask = 2147483647;
			files = (
			);
			inputPaths = (
			);
			name = "[CP] Check Pods Manifest.lock";
			outputPaths = (
			);
			runOnlyForDeploymentPostprocessing = 0;
			shellPath = /bin/sh;
			shellScript = "diff \"${PODS_ROOT}/../Podfile.lock\" \"${PODS_ROOT}/Manifest.lock\" > /dev/null\nif [ $? != 0 ] ; then\n    # print error to STDERR\n    echo \"error: The sandbox is not in sync with the Podfile.lock. Run 'pod install' or update your CocoaPods installation.\" >&2\n    exit 1\nfi\n";
			showEnvVarsInLog = 0;
		};
		E5924D5724284838CC128D31 /* [CP] Embed Pods Frameworks */ = {
			isa = PBXShellScriptBuildPhase;
			buildActionMask = 2147483647;
			files = (
			);
			inputPaths = (
			);
			name = "[CP] Embed Pods Frameworks";
			outputPaths = (
			);
			runOnlyForDeploymentPostprocessing = 0;
			shellPath = /bin/sh;
			shellScript = "\"${SRCROOT}/Pods/Target Support Files/Pods-CamStampTests/Pods-CamStampTests-frameworks.sh\"\n";
			showEnvVarsInLog = 0;
		};
		FC61771FB674F33FCB24EDD4 /* [CP] Copy Pods Resources */ = {
			isa = PBXShellScriptBuildPhase;
			buildActionMask = 2147483647;
			files = (
			);
			inputPaths = (
			);
			name = "[CP] Copy Pods Resources";
			outputPaths = (
			);
			runOnlyForDeploymentPostprocessing = 0;
			shellPath = /bin/sh;
			shellScript = "\"${SRCROOT}/Pods/Target Support Files/Pods-CamStamp/Pods-CamStamp-resources.sh\"\n";
			showEnvVarsInLog = 0;
		};
/* End PBXShellScriptBuildPhase section */

/* Begin PBXSourcesBuildPhase section */
		381AC2232038664900904CA6 /* Sources */ = {
			isa = PBXSourcesBuildPhase;
			buildActionMask = 2147483647;
			files = (
				381AC22D2038664900904CA6 /* ViewController.swift in Sources */,
				384661D62038AD0B00FD0D8B /* ViewModel.swift in Sources */,
				381AC22B2038664900904CA6 /* AppDelegate.swift in Sources */,
				384661D82038B0F200FD0D8B /* FilterManager.swift in Sources */,
			);
			runOnlyForDeploymentPostprocessing = 0;
		};
		381AC2372038664A00904CA6 /* Sources */ = {
			isa = PBXSourcesBuildPhase;
			buildActionMask = 2147483647;
			files = (
				381AC2402038664A00904CA6 /* CamStampTests.swift in Sources */,
			);
			runOnlyForDeploymentPostprocessing = 0;
		};
/* End PBXSourcesBuildPhase section */

/* Begin PBXTargetDependency section */
		381AC23D2038664A00904CA6 /* PBXTargetDependency */ = {
			isa = PBXTargetDependency;
			target = 381AC2262038664900904CA6 /* CamStamp */;
			targetProxy = 381AC23C2038664A00904CA6 /* PBXContainerItemProxy */;
		};
/* End PBXTargetDependency section */

/* Begin PBXVariantGroup section */
		381AC22E2038664900904CA6 /* Main.storyboard */ = {
			isa = PBXVariantGroup;
			children = (
				381AC22F2038664900904CA6 /* Base */,
			);
			name = Main.storyboard;
			sourceTree = "<group>";
		};
		381AC2332038664900904CA6 /* LaunchScreen.storyboard */ = {
			isa = PBXVariantGroup;
			children = (
				381AC2342038664900904CA6 /* Base */,
			);
			name = LaunchScreen.storyboard;
			sourceTree = "<group>";
		};
/* End PBXVariantGroup section */

/* Begin XCBuildConfiguration section */
		381AC2422038664A00904CA6 /* Debug */ = {
			isa = XCBuildConfiguration;
			buildSettings = {
				ALWAYS_SEARCH_USER_PATHS = NO;
				CLANG_ANALYZER_NONNULL = YES;
				CLANG_ANALYZER_NUMBER_OBJECT_CONVERSION = YES_AGGRESSIVE;
				CLANG_CXX_LANGUAGE_STANDARD = "gnu++14";
				CLANG_CXX_LIBRARY = "libc++";
				CLANG_ENABLE_MODULES = YES;
				CLANG_ENABLE_OBJC_ARC = YES;
				CLANG_WARN_BLOCK_CAPTURE_AUTORELEASING = YES;
				CLANG_WARN_BOOL_CONVERSION = YES;
				CLANG_WARN_COMMA = YES;
				CLANG_WARN_CONSTANT_CONVERSION = YES;
				CLANG_WARN_DIRECT_OBJC_ISA_USAGE = YES_ERROR;
				CLANG_WARN_DOCUMENTATION_COMMENTS = YES;
				CLANG_WARN_EMPTY_BODY = YES;
				CLANG_WARN_ENUM_CONVERSION = YES;
				CLANG_WARN_INFINITE_RECURSION = YES;
				CLANG_WARN_INT_CONVERSION = YES;
				CLANG_WARN_NON_LITERAL_NULL_CONVERSION = YES;
				CLANG_WARN_OBJC_LITERAL_CONVERSION = YES;
				CLANG_WARN_OBJC_ROOT_CLASS = YES_ERROR;
				CLANG_WARN_RANGE_LOOP_ANALYSIS = YES;
				CLANG_WARN_STRICT_PROTOTYPES = YES;
				CLANG_WARN_SUSPICIOUS_MOVE = YES;
				CLANG_WARN_UNGUARDED_AVAILABILITY = YES_AGGRESSIVE;
				CLANG_WARN_UNREACHABLE_CODE = YES;
				CLANG_WARN__DUPLICATE_METHOD_MATCH = YES;
				CODE_SIGN_IDENTITY = "iPhone Developer";
				COPY_PHASE_STRIP = NO;
				DEBUG_INFORMATION_FORMAT = dwarf;
				ENABLE_STRICT_OBJC_MSGSEND = YES;
				ENABLE_TESTABILITY = YES;
				GCC_C_LANGUAGE_STANDARD = gnu11;
				GCC_DYNAMIC_NO_PIC = NO;
				GCC_NO_COMMON_BLOCKS = YES;
				GCC_OPTIMIZATION_LEVEL = 0;
				GCC_PREPROCESSOR_DEFINITIONS = (
					"DEBUG=1",
					"$(inherited)",
				);
				GCC_WARN_64_TO_32_BIT_CONVERSION = YES;
				GCC_WARN_ABOUT_RETURN_TYPE = YES_ERROR;
				GCC_WARN_UNDECLARED_SELECTOR = YES;
				GCC_WARN_UNINITIALIZED_AUTOS = YES_AGGRESSIVE;
				GCC_WARN_UNUSED_FUNCTION = YES;
				GCC_WARN_UNUSED_VARIABLE = YES;
				IPHONEOS_DEPLOYMENT_TARGET = 11.0;
				MTL_ENABLE_DEBUG_INFO = YES;
				ONLY_ACTIVE_ARCH = YES;
				SDKROOT = iphoneos;
				SWIFT_ACTIVE_COMPILATION_CONDITIONS = DEBUG;
				SWIFT_OPTIMIZATION_LEVEL = "-Onone";
			};
			name = Debug;
		};
		381AC2432038664A00904CA6 /* Release */ = {
			isa = XCBuildConfiguration;
			buildSettings = {
				ALWAYS_SEARCH_USER_PATHS = NO;
				CLANG_ANALYZER_NONNULL = YES;
				CLANG_ANALYZER_NUMBER_OBJECT_CONVERSION = YES_AGGRESSIVE;
				CLANG_CXX_LANGUAGE_STANDARD = "gnu++14";
				CLANG_CXX_LIBRARY = "libc++";
				CLANG_ENABLE_MODULES = YES;
				CLANG_ENABLE_OBJC_ARC = YES;
				CLANG_WARN_BLOCK_CAPTURE_AUTORELEASING = YES;
				CLANG_WARN_BOOL_CONVERSION = YES;
				CLANG_WARN_COMMA = YES;
				CLANG_WARN_CONSTANT_CONVERSION = YES;
				CLANG_WARN_DIRECT_OBJC_ISA_USAGE = YES_ERROR;
				CLANG_WARN_DOCUMENTATION_COMMENTS = YES;
				CLANG_WARN_EMPTY_BODY = YES;
				CLANG_WARN_ENUM_CONVERSION = YES;
				CLANG_WARN_INFINITE_RECURSION = YES;
				CLANG_WARN_INT_CONVERSION = YES;
				CLANG_WARN_NON_LITERAL_NULL_CONVERSION = YES;
				CLANG_WARN_OBJC_LITERAL_CONVERSION = YES;
				CLANG_WARN_OBJC_ROOT_CLASS = YES_ERROR;
				CLANG_WARN_RANGE_LOOP_ANALYSIS = YES;
				CLANG_WARN_STRICT_PROTOTYPES = YES;
				CLANG_WARN_SUSPICIOUS_MOVE = YES;
				CLANG_WARN_UNGUARDED_AVAILABILITY = YES_AGGRESSIVE;
				CLANG_WARN_UNREACHABLE_CODE = YES;
				CLANG_WARN__DUPLICATE_METHOD_MATCH = YES;
				CODE_SIGN_IDENTITY = "iPhone Developer";
				COPY_PHASE_STRIP = NO;
				DEBUG_INFORMATION_FORMAT = "dwarf-with-dsym";
				ENABLE_NS_ASSERTIONS = NO;
				ENABLE_STRICT_OBJC_MSGSEND = YES;
				GCC_C_LANGUAGE_STANDARD = gnu11;
				GCC_NO_COMMON_BLOCKS = YES;
				GCC_WARN_64_TO_32_BIT_CONVERSION = YES;
				GCC_WARN_ABOUT_RETURN_TYPE = YES_ERROR;
				GCC_WARN_UNDECLARED_SELECTOR = YES;
				GCC_WARN_UNINITIALIZED_AUTOS = YES_AGGRESSIVE;
				GCC_WARN_UNUSED_FUNCTION = YES;
				GCC_WARN_UNUSED_VARIABLE = YES;
				IPHONEOS_DEPLOYMENT_TARGET = 11.0;
				MTL_ENABLE_DEBUG_INFO = NO;
				SDKROOT = iphoneos;
				SWIFT_OPTIMIZATION_LEVEL = "-Owholemodule";
				VALIDATE_PRODUCT = YES;
			};
			name = Release;
		};
		381AC2452038664A00904CA6 /* Debug */ = {
			isa = XCBuildConfiguration;
			baseConfigurationReference = C48C81E6BCD2B0BD8F60FB5A /* Pods-CamStamp.debug.xcconfig */;
			buildSettings = {
				ASSETCATALOG_COMPILER_APPICON_NAME = AppIcon;
				CODE_SIGN_STYLE = Automatic;
				DEVELOPMENT_TEAM = GJ5GY42X8D;
				INFOPLIST_FILE = CamStamp/Info.plist;
				LD_RUNPATH_SEARCH_PATHS = "$(inherited) @executable_path/Frameworks";
				PRODUCT_BUNDLE_IDENTIFIER = com.Thorvaldur.CamStamp;
				PRODUCT_NAME = "$(TARGET_NAME)";
				SWIFT_VERSION = 4.0;
				TARGETED_DEVICE_FAMILY = "1,2";
			};
			name = Debug;
		};
		381AC2462038664A00904CA6 /* Release */ = {
			isa = XCBuildConfiguration;
			baseConfigurationReference = 9D2C099E64A3199B5120E76D /* Pods-CamStamp.release.xcconfig */;
			buildSettings = {
				ASSETCATALOG_COMPILER_APPICON_NAME = AppIcon;
				CODE_SIGN_STYLE = Automatic;
				DEVELOPMENT_TEAM = GJ5GY42X8D;
				INFOPLIST_FILE = CamStamp/Info.plist;
				LD_RUNPATH_SEARCH_PATHS = "$(inherited) @executable_path/Frameworks";
				PRODUCT_BUNDLE_IDENTIFIER = com.Thorvaldur.CamStamp;
				PRODUCT_NAME = "$(TARGET_NAME)";
				SWIFT_VERSION = 4.0;
				TARGETED_DEVICE_FAMILY = "1,2";
			};
			name = Release;
		};
		381AC2482038664A00904CA6 /* Debug */ = {
			isa = XCBuildConfiguration;
			baseConfigurationReference = 1B3B655BC874B72993726AF9 /* Pods-CamStampTests.debug.xcconfig */;
			buildSettings = {
				ALWAYS_EMBED_SWIFT_STANDARD_LIBRARIES = YES;
				BUNDLE_LOADER = "$(TEST_HOST)";
				CODE_SIGN_STYLE = Automatic;
				DEVELOPMENT_TEAM = REML5U4F58;
				INFOPLIST_FILE = CamStampTests/Info.plist;
				LD_RUNPATH_SEARCH_PATHS = "$(inherited) @executable_path/Frameworks @loader_path/Frameworks";
				PRODUCT_BUNDLE_IDENTIFIER = com.Thorvaldur.CamStampTests;
				PRODUCT_NAME = "$(TARGET_NAME)";
				SWIFT_VERSION = 4.0;
				TARGETED_DEVICE_FAMILY = "1,2";
				TEST_HOST = "$(BUILT_PRODUCTS_DIR)/CamStamp.app/CamStamp";
			};
			name = Debug;
		};
		381AC2492038664A00904CA6 /* Release */ = {
			isa = XCBuildConfiguration;
			baseConfigurationReference = C454C4A8DB03AA38672510FC /* Pods-CamStampTests.release.xcconfig */;
			buildSettings = {
				ALWAYS_EMBED_SWIFT_STANDARD_LIBRARIES = YES;
				BUNDLE_LOADER = "$(TEST_HOST)";
				CODE_SIGN_STYLE = Automatic;
				DEVELOPMENT_TEAM = REML5U4F58;
				INFOPLIST_FILE = CamStampTests/Info.plist;
				LD_RUNPATH_SEARCH_PATHS = "$(inherited) @executable_path/Frameworks @loader_path/Frameworks";
				PRODUCT_BUNDLE_IDENTIFIER = com.Thorvaldur.CamStampTests;
				PRODUCT_NAME = "$(TARGET_NAME)";
				SWIFT_VERSION = 4.0;
				TARGETED_DEVICE_FAMILY = "1,2";
				TEST_HOST = "$(BUILT_PRODUCTS_DIR)/CamStamp.app/CamStamp";
			};
			name = Release;
		};
/* End XCBuildConfiguration section */

/* Begin XCConfigurationList section */
		381AC2222038664900904CA6 /* Build configuration list for PBXProject "CamStamp" */ = {
			isa = XCConfigurationList;
			buildConfigurations = (
				381AC2422038664A00904CA6 /* Debug */,
				381AC2432038664A00904CA6 /* Release */,
			);
			defaultConfigurationIsVisible = 0;
			defaultConfigurationName = Release;
		};
		381AC2442038664A00904CA6 /* Build configuration list for PBXNativeTarget "CamStamp" */ = {
			isa = XCConfigurationList;
			buildConfigurations = (
				381AC2452038664A00904CA6 /* Debug */,
				381AC2462038664A00904CA6 /* Release */,
			);
			defaultConfigurationIsVisible = 0;
			defaultConfigurationName = Release;
		};
		381AC2472038664A00904CA6 /* Build configuration list for PBXNativeTarget "CamStampTests" */ = {
			isa = XCConfigurationList;
			buildConfigurations = (
				381AC2482038664A00904CA6 /* Debug */,
				381AC2492038664A00904CA6 /* Release */,
			);
			defaultConfigurationIsVisible = 0;
			defaultConfigurationName = Release;
		};
/* End XCConfigurationList section */
	};
	rootObject = 381AC21F2038664900904CA6 /* Project object */;
}
